
Microsoft Visual Studio Solution File, Format Version 12.00
# Visual Studio Version 16
VisualStudioVersion = 16.0.29926.136
MinimumVisualStudioVersion = 10.0.40219.1
Project("{FAE04EC0-301F-11D3-BF4B-00C04F79EFBC}") = "iLAB", "iLAB\iLAB.csproj", "{91B1528B-FE52-47A5-A058-29ACB5C7DA20}"
EndProject
Global
	GlobalSection(SolutionConfigurationPlatforms) = preSolution
		Debug|Any CPU = Debug|Any CPU
		Release|Any CPU = Release|Any CPU
	EndGlobalSection
	GlobalSection(ProjectConfigurationPlatforms) = postSolution
		{91B1528B-FE52-47A5-A058-29ACB5C7DA20}.Debug|Any CPU.ActiveCfg = Debug|Any CPU
		{91B1528B-FE52-47A5-A058-29ACB5C7DA20}.Debug|Any CPU.Build.0 = Debug|Any CPU
		{91B1528B-FE52-47A5-A058-29ACB5C7DA20}.Release|Any CPU.ActiveCfg = Release|Any CPU
		{91B1528B-FE52-47A5-A058-29ACB5C7DA20}.Release|Any CPU.Build.0 = Release|Any CPU
	EndGlobalSection
	GlobalSection(SolutionProperties) = preSolution
		HideSolutionNode = FALSE
	EndGlobalSection
	GlobalSection(ExtensibilityGlobals) = postSolution
		SolutionGuid = {E94D29AD-84AA-476C-8AEF-078058F39546}
	EndGlobalSection
EndGlobal
